# This file is autogenerated, do not edit; changes may be undone by the next 'dep ensure'.


[[projects]]
  branch = "master"
  digest = "1:fc0802104acded1f48e4860a9f2db85b82b4a754fca9eae750ff4e8b8cdf2116"
  name = "code.cloudfoundry.org/clock"
  packages = ["."]
  pruneopts = ""
  revision = "02e53af36e6c978af692887ed449b74026d76fec"

[[projects]]
  branch = "master"
  digest = "1:7980680b035dcef15262ce951b0003ea16ab1d68e61adc637cf6e1a38a773ee8"
  name = "code.cloudfoundry.org/lager"
  packages = [
    ".",
    "lagerctx",
    "lagertest",
  ]
  pruneopts = ""
  revision = "438ab98cc3b9b81e97c2281422b2722cd8e80ed8"

[[projects]]
  branch = "master"
  digest = "1:d3ed3fce6cbec092c15e1e44fa0599e67aaaebee05db5f4bd9ded7e68b782baf"
  name = "code.cloudfoundry.org/trace-logger"
  packages = ["."]
  pruneopts = ""
  revision = "107ef08a939d5be6092ce2b5f171a16aba149cb2"

[[projects]]
  branch = "master"
  digest = "1:7d8109638fad92b18bb4063eeb2318016ae1f6ecd96a7e5323de061f867cf2ff"
  name = "code.cloudfoundry.org/uaa-go-client"
  packages = [
    ".",
    "config",
    "schema",
  ]
  pruneopts = ""
  revision = "480082394a827f194f7ec67a56c858a66ec581cc"

[[projects]]
  branch = "master"
  digest = "1:faa4a62331f21e8823aafd7463aa9a0471eb767b8fedc97255263b234c361b39"
  name = "github.com/cloudfoundry-community/go-credhub"
  packages = ["."]
  pruneopts = ""
  revision = "2bd52e01c95df16f00d3e5ad18c21859c1c2becf"

[[projects]]
  digest = "1:6098222470fe0172157ce9bbef5d2200df4edde17ee649c5d6e48330e4afa4c6"
  name = "github.com/dgrijalva/jwt-go"
  packages = ["."]
  pruneopts = ""
  revision = "06ea1031745cb8b3dab3f6a236daf2b0aa468b7e"
  version = "v3.2.0"

[[projects]]
  digest = "1:3dd078fda7500c341bc26cfbc6c6a34614f295a2457149fc1045cab767cbcf18"
  name = "github.com/golang/protobuf"
  packages = ["proto"]
  pruneopts = ""
  revision = "aa810b61a9c79d51363740d207bb46cf8e620ed5"
  version = "v1.2.0"

[[projects]]
  branch = "master"
  digest = "1:09307dfb1aa3f49a2bf869dcfa4c6c06ecd3c207221bd1c1a1141f0e51f209eb"
  name = "github.com/golang/snappy"
  packages = ["."]
  pruneopts = ""
  revision = "553a641470496b2327abcac10b36396bd98e45c9"

[[projects]]
  digest = "1:20ed7daa9b3b38b6d1d39b48ab3fd31122be5419461470d0c28de3e121c93ecf"
  name = "github.com/gorilla/context"
  packages = ["."]
  pruneopts = ""
  revision = "1ea25387ff6f684839d82767c1733ff4d4d15d0a"
  version = "v1.1"

[[projects]]
  digest = "1:783fde5796ef54ba05de240f2529b6c9fbabc541e70ea43585c53b3f1bbabb5b"
  name = "github.com/gorilla/mux"
  packages = ["."]
  pruneopts = ""
  revision = "bcd8bc72b08df0f70df986b97f95590779502d31"
  version = "v1.4.0"

[[projects]]
  branch = "master"
  digest = "1:304c322b62533a48ac052ffee80f67087fce1bc07186cd4e610a1b0e77765836"
  name = "github.com/hashicorp/errwrap"
  packages = ["."]
  pruneopts = ""
  revision = "7554cd9344cec97297fa6649b055a8c98c2a1e55"

[[projects]]
  branch = "master"
  digest = "1:ae263e6b149fb7aadfc0f2284a8891cc3b9d2700e58b9a613fecf70fcc6e495d"
  name = "github.com/hashicorp/go-cleanhttp"
  packages = ["."]
  pruneopts = ""
  revision = "3573b8b52aa7b37b9358d966a898feb387f62437"

[[projects]]
  branch = "master"
  digest = "1:7660b6ee3fd92bcb9b19f5d359d3fbc8e853257d8a3d49e0424d00b6faa69cfd"
  name = "github.com/hashicorp/go-multierror"
  packages = ["."]
  pruneopts = ""
  revision = "83588e72410abfbe4df460eeb6f30841ae47d4c4"

[[projects]]
  digest = "1:84e2ab72e8daa944ec298efaea8c0be61abb50fefb332fa31aa5283029a59a7a"
  name = "github.com/hashicorp/go-retryablehttp"
  packages = ["."]
  pruneopts = ""
  revision = "d3a63d3c72068412f9ecd7c36faafd874d2e2888"
  version = "v0.5.1"

[[projects]]
  branch = "master"
  digest = "1:ff65bf6fc4d1116f94ac305342725c21b55c16819c2606adc8f527755716937f"
  name = "github.com/hashicorp/go-rootcerts"
  packages = ["."]
  pruneopts = ""
  revision = "6bb64b370b90e7ef1fa532be9e591a81c3493e00"

[[projects]]
  digest = "1:ea71015bc8aa9b98a1fde564e24123260330b55bda32d8ed5ce227d3dc58d64e"
  name = "github.com/hashicorp/go-sockaddr"
  packages = ["."]
  pruneopts = ""
  revision = "3aed17b5ee41761cc2b04f2a94c7107d428967e5"
  version = "v1.0.1"

[[projects]]
  branch = "master"
  digest = "1:54154e6dbc8ce9438f24131cabfeaada1582b35fcdb2ff8457b77a4b1b9a13af"
  name = "github.com/hashicorp/hcl"
  packages = [
    ".",
    "hcl/ast",
    "hcl/parser",
    "hcl/scanner",
    "hcl/strconv",
    "hcl/token",
    "json/parser",
    "json/scanner",
    "json/token",
  ]
  pruneopts = ""
  revision = "392dba7d905ed5d04a5794ba89f558b27e2ba1ca"

[[projects]]
  branch = "master"
  digest = "1:17552f016ab04e1e18d8179166fcfc15b4ddeac85ac9dd0e063eceb459e2e226"
  name = "github.com/hashicorp/vault"
  packages = [
    "api",
    "helper/compressutil",
    "helper/consts",
    "helper/hclutil",
    "helper/jsonutil",
    "helper/parseutil",
    "helper/strutil",
  ]
  pruneopts = ""
  revision = "679c09e60f9a9dd91718cbca5db171acd3d93931"

[[projects]]
  digest = "1:b3c5b95e56c06f5aa72cb2500e6ee5f44fcd122872d4fec2023a488e561218bc"
  name = "github.com/hpcloud/tail"
  packages = [
    ".",
    "ratelimiter",
    "util",
    "watch",
    "winfile",
  ]
  pruneopts = ""
  revision = "a30252cb686a21eb2d0b98132633053ec2f7f1e5"
  version = "v1.0.0"

[[projects]]
  digest = "1:b60a24f942c7031ece6c48bcab0b683c7d3d6aa9fd17e21459d9ae604da258fa"
  name = "github.com/kelseyhightower/envconfig"
  packages = ["."]
  pruneopts = ""
  revision = "f611eb38b3875cc3bd991ca91c51d06446afa14c"
  version = "v1.3.0"

[[projects]]
  branch = "master"
  digest = "1:59d11e81d6fdd12a771321696bb22abdd9a94d26ac864787e98c9b419e428734"
  name = "github.com/mitchellh/go-homedir"
  packages = ["."]
  pruneopts = ""
  revision = "b8bc1bf767474819792c23f32d8286a45736f1c6"

[[projects]]
  branch = "master"
  digest = "1:c9ede10a9ded782d25d1f0be87c680e11409c23554828f19a19d691a95e76130"
  name = "github.com/mitchellh/mapstructure"
  packages = ["."]
  pruneopts = ""
  revision = "d0303fe809921458f417bcf828397a65db30a7e4"

[[projects]]
  digest = "1:a754db3c70741eeaeba73ec4cd970dc8918d06ced993d24891e9c0386d74f588"
  name = "github.com/onsi/ginkgo"
  packages = [
    ".",
    "config",
    "internal/codelocation",
    "internal/containernode",
    "internal/failer",
    "internal/leafnodes",
    "internal/remote",
    "internal/spec",
    "internal/spec_iterator",
    "internal/specrunner",
    "internal/suite",
    "internal/testingtproxy",
    "internal/writer",
    "reporters",
    "reporters/stenographer",
    "reporters/stenographer/support/go-colorable",
    "reporters/stenographer/support/go-isatty",
    "types",
  ]
  pruneopts = ""
  revision = "2e1be8f7d90e9d3e3e58b0ce470f2f14d075406f"
  version = "v1.7.0"

[[projects]]
  digest = "1:c8f0c8c28c9c1c51db72d0e7f04797cfe5d0d50528274099b6b2d6c314db7f97"
  name = "github.com/onsi/gomega"
  packages = [
    "format",
    "gbytes",
  ]
  pruneopts = ""
  revision = "65fb64232476ad9046e57c26cd0bff3d3a8dc6cd"
  version = "v1.4.3"

[[projects]]
  digest = "1:b1df71d0b2287062b90c6b4c8d3c934440aa0d2eb201d03f22be0f045860b4aa"
  name = "github.com/pierrec/lz4"
  packages = [
    ".",
    "internal/xxh32",
  ]
  pruneopts = ""
  revision = "635575b42742856941dbc767b44905bb9ba083f6"
  version = "v2.0.7"

[[projects]]
  branch = "master"
  digest = "1:10992c9fdd1dbe87042a4bf60c0baa5f20d915a1d7a8438e8fbca33d247ddf0c"
  name = "github.com/pivotal-cf/brokerapi"
  packages = [
    ".",
    "auth",
  ]
  pruneopts = ""
  revision = "6d25b9398d9f05880ca8f480134a88c8d2df69bc"

[[projects]]
  digest = "1:7365acd48986e205ccb8652cc746f09c8b7876030d53710ea6ef7d0bd0dcd7ca"
  name = "github.com/pkg/errors"
  packages = ["."]
  pruneopts = ""
  revision = "645ef00459ed84a119197bfb8d8205042c6df63d"
  version = "v0.8.0"

[[projects]]
  digest = "1:4244255905cb95c3c98894d671367f84a6292608ae528936fe46ba9c86f68393"
  name = "github.com/ryanuber/go-glob"
  packages = ["."]
  pruneopts = ""
  revision = "51a8f68e6c24dc43f1e371749c89a267de4ebc53"
  version = "v1.0.0"

[[projects]]
  branch = "master"
  digest = "1:3246e12ee1c5003acebbc8ceea757df86cfc23f7a321d70d47f96b9b21462115"
  name = "golang.org/x/net"
  packages = [
    "context",
    "context/ctxhttp",
    "http2",
    "http2/hpack",
    "idna",
    "lex/httplex",
  ]
  pruneopts = ""
  revision = "ab5485076ff3407ad2d02db054635913f017b0ed"

[[projects]]
  branch = "master"
  digest = "1:f059b0adae6e4630f111d471f127fe69de1f5689ce35465bab387d646c17eb97"
  name = "golang.org/x/oauth2"
  packages = [
    ".",
    "internal",
  ]
  pruneopts = ""
  revision = "5dab4167f31cbd76b407f1486c86b40748bc5073"

[[projects]]
  branch = "master"
  digest = "1:057806b6e218f4ceac80d27ccd8dd80b2c06b0050289aa46e0edfd82cc4faa2c"
  name = "golang.org/x/sys"
  packages = ["unix"]
  pruneopts = ""
  revision = "11f53e03133963fb11ae0588e08b5e0b85be8be5"

[[projects]]
  branch = "master"
  digest = "1:7e04efe14d3e705ae576fcf9c557508a2970a9b0373936482b01137964491f89"
  name = "golang.org/x/text"
  packages = [
    "internal/gen",
    "internal/triegen",
    "internal/ucd",
    "secure/bidirule",
    "transform",
    "unicode/bidi",
    "unicode/cldr",
    "unicode/norm",
    "unicode/rangetable",
  ]
  pruneopts = ""
  revision = "836efe42bb4aa16aaa17b9c155d8813d336ed720"

[[projects]]
  branch = "master"
  digest = "1:14cb1d4240bcbbf1386ae763957e04e2765ec4e4ce7bb2769d05fa6faccd774e"
  name = "golang.org/x/time"
  packages = ["rate"]
  pruneopts = ""
  revision = "85acf8d2951cb2a3bde7632f9ff273ef0379bcbd"

[[projects]]
  digest = "1:bc09e719c4e2a15d17163f5272d9a3131c45d77542b7fdc53ff518815bc19ab3"
  name = "google.golang.org/appengine"
  packages = [
    "internal",
    "internal/base",
    "internal/datastore",
    "internal/log",
    "internal/remote_api",
    "internal/urlfetch",
    "urlfetch",
  ]
  pruneopts = ""
  revision = "e9657d882bb81064595ca3b56cbe2546bbabf7b1"
  version = "v1.4.0"

[[projects]]
  digest = "1:eb53021a8aa3f599d29c7102e65026242bdedce998a54837dc67f14b6a97c5fd"
  name = "gopkg.in/fsnotify.v1"
  packages = ["."]
  pruneopts = ""
  revision = "c2828203cd70a50dcccfb2761f8b1f8ceef9a8e9"
  source = "https://github.com/fsnotify/fsnotify.git"
  version = "v1.4.7"

[[projects]]
  branch = "v1"
  digest = "1:a96d16bd088460f2e0685d46c39bcf1208ba46e0a977be2df49864ec7da447dd"
  name = "gopkg.in/tomb.v1"
  packages = ["."]
  pruneopts = ""
  revision = "dd632973f1e7218eb1089048e0798ec9ae7dceb8"

[solve-meta]
  analyzer-name = "dep"
  analyzer-version = 1
  input-imports = [
    "code.cloudfoundry.org/clock",
    "code.cloudfoundry.org/lager",
    "code.cloudfoundry.org/lager/lagertest",
    "code.cloudfoundry.org/uaa-go-client",
    "code.cloudfoundry.org/uaa-go-client/config",
    "github.com/cloudfoundry-community/go-credhub",
    "github.com/hashicorp/go-cleanhttp",
    "github.com/hashicorp/vault/api",
    "github.com/kelseyhightower/envconfig",
    "github.com/pivotal-cf/brokerapi",
    "github.com/pkg/errors",
  ]
  solver-name = "gps-cdcl"
  solver-version = 1
